
Microsoft Visual Studio Solution File, Format Version 12.00
# Visual Studio Version 16
VisualStudioVersion = 16.0.31424.327
MinimumVisualStudioVersion = 10.0.40219.1
Project("{FAE04EC0-301F-11D3-BF4B-00C04F79EFBC}") = "lab4_windowsApp", "lab4_windowsApp.csproj", "{EDCF9238-DD9D-4CAB-BF1A-2D7E26A87FDC}"
EndProject
Global
	GlobalSection(SolutionConfigurationPlatforms) = preSolution
		Debug|Any CPU = Debug|Any CPU
		Release|Any CPU = Release|Any CPU
	EndGlobalSection
	GlobalSection(ProjectConfigurationPlatforms) = postSolution
		{EDCF9238-DD9D-4CAB-BF1A-2D7E26A87FDC}.Debug|Any CPU.ActiveCfg = Debug|Any CPU
		{EDCF9238-DD9D-4CAB-BF1A-2D7E26A87FDC}.Debug|Any CPU.Build.0 = Debug|Any CPU
		{EDCF9238-DD9D-4CAB-BF1A-2D7E26A87FDC}.Release|Any CPU.ActiveCfg = Release|Any CPU
		{EDCF9238-DD9D-4CAB-BF1A-2D7E26A87FDC}.Release|Any CPU.Build.0 = Release|Any CPU
	EndGlobalSection
	GlobalSection(SolutionProperties) = preSolution
		HideSolutionNode = FALSE
	EndGlobalSection
	GlobalSection(ExtensibilityGlobals) = postSolution
		SolutionGuid = {C35651C4-25A8-40E1-8097-6A1CD5F411E0}
	EndGlobalSection
EndGlobal
